
Microsoft Visual Studio Solution File, Format Version 12.00
# Visual Studio Version 16
VisualStudioVersion = 16.0.31829.152
MinimumVisualStudioVersion = 10.0.40219.1
Project("{FAE04EC0-301F-11D3-BF4B-00C04F79EFBC}") = "ExamenFinal01", "ExamenFinal01\ExamenFinal01.csproj", "{DD58438B-C3EF-4AEE-A743-1DA31978D2C9}"
EndProject
Global
	GlobalSection(SolutionConfigurationPlatforms) = preSolution
		Debug|Any CPU = Debug|Any CPU
		Release|Any CPU = Release|Any CPU
	EndGlobalSection
	GlobalSection(ProjectConfigurationPlatforms) = postSolution
		{DD58438B-C3EF-4AEE-A743-1DA31978D2C9}.Debug|Any CPU.ActiveCfg = Debug|Any CPU
		{DD58438B-C3EF-4AEE-A743-1DA31978D2C9}.Debug|Any CPU.Build.0 = Debug|Any CPU
		{DD58438B-C3EF-4AEE-A743-1DA31978D2C9}.Release|Any CPU.ActiveCfg = Release|Any CPU
		{DD58438B-C3EF-4AEE-A743-1DA31978D2C9}.Release|Any CPU.Build.0 = Release|Any CPU
	EndGlobalSection
	GlobalSection(SolutionProperties) = preSolution
		HideSolutionNode = FALSE
	EndGlobalSection
	GlobalSection(ExtensibilityGlobals) = postSolution
		SolutionGuid = {BA978B6A-7B32-4ACF-9686-4F0B244C786D}
	EndGlobalSection
EndGlobal
